
Microsoft Visual Studio Solution File, Format Version 11.00
# Visual Studio 2010
Project("{FAE04EC0-301F-11D3-BF4B-00C04F79EFBC}") = "AdvLib_UnitySample", "Assembly-CSharp.csproj", "{7A7A1499-A958-3645-2FD3-3C9E93CE70BD}"
EndProject
Project("{FAE04EC0-301F-11D3-BF4B-00C04F79EFBC}") = "AdvLib_UnitySample", "Assembly-CSharp-Editor.csproj", "{F2FC948E-07C9-82A8-6DC5-5DEA14A8A450}"
EndProject
Global
	GlobalSection(SolutionConfigurationPlatforms) = preSolution
		Debug|Any CPU = Debug|Any CPU
		Release|Any CPU = Release|Any CPU
	EndGlobalSection
	GlobalSection(ProjectConfigurationPlatforms) = postSolution
		{7A7A1499-A958-3645-2FD3-3C9E93CE70BD}.Debug|Any CPU.ActiveCfg = Debug|Any CPU
		{7A7A1499-A958-3645-2FD3-3C9E93CE70BD}.Debug|Any CPU.Build.0 = Debug|Any CPU
		{7A7A1499-A958-3645-2FD3-3C9E93CE70BD}.Release|Any CPU.ActiveCfg = Release|Any CPU
		{7A7A1499-A958-3645-2FD3-3C9E93CE70BD}.Release|Any CPU.Build.0 = Release|Any CPU
		{F2FC948E-07C9-82A8-6DC5-5DEA14A8A450}.Debug|Any CPU.ActiveCfg = Debug|Any CPU
		{F2FC948E-07C9-82A8-6DC5-5DEA14A8A450}.Debug|Any CPU.Build.0 = Debug|Any CPU
		{F2FC948E-07C9-82A8-6DC5-5DEA14A8A450}.Release|Any CPU.ActiveCfg = Release|Any CPU
		{F2FC948E-07C9-82A8-6DC5-5DEA14A8A450}.Release|Any CPU.Build.0 = Release|Any CPU
	EndGlobalSection
	GlobalSection(SolutionProperties) = preSolution
		HideSolutionNode = FALSE
	EndGlobalSection
	GlobalSection(MonoDevelopProperties) = preSolution
		StartupItem = Assembly-CSharp.csproj
	EndGlobalSection
EndGlobal
